{
  "lockfile-version": 1,
  "manifest": {
    "version": 1,
    "install": {
      "gum": {
        "pkg-path": "gum"
      },
      "kubectl": {
        "pkg-path": "kubectl"
      },
      "nix": {
        "pkg-path": "nix"
      },
      "shellcheck": {
        "pkg-path": "shellcheck"
      }
    },
    "hook": {},
    "profile": {},
    "options": {
      "systems": [
        "aarch64-darwin",
        "aarch64-linux",
        "x86_64-darwin",
        "x86_64-linux"
      ],
      "allow": {
        "licenses": []
      },
      "semver": {}
    }
  },
  "packages": [
    {
      "attr_path": "gum",
      "broken": false,
      "derivation": "/nix/store/01as3jvjai6ny6v3l5ala8fj6z4v30lz-gum-0.16.0.drv",
      "description": "Tasty Bubble Gum for your shell",
      "install_id": "gum",
      "license": "MIT",
      "locked_url": "https://github.com/flox/nixpkgs?rev=2795c506fe8fb7b03c36ccb51f75b6df0ab2553f",
      "name": "gum-0.16.0",
      "pname": "gum",
      "rev": "2795c506fe8fb7b03c36ccb51f75b6df0ab2553f",
      "rev_count": 803506,
      "rev_date": "2025-05-20T12:29:04Z",
      "scrape_date": "2025-05-24T04:22:06.527589Z",
      "stabilities": [
        "unstable"
      ],
      "unfree": false,
      "version": "0.16.0",
      "outputs_to_install": [
        "out"
      ],
      "outputs": {
        "out": "/nix/store/amyw3aaqgpchs5cq8hh3d1wdy1hxfjav-gum-0.16.0"
      },
      "system": "aarch64-darwin",
      "group": "toplevel",
      "priority": 5
    },
    {
      "attr_path": "gum",
      "broken": false,
      "derivation": "/nix/store/km57dk559gffmvsjz61bv0dymyyqx2d4-gum-0.16.0.drv",
      "description": "Tasty Bubble Gum for your shell",
      "install_id": "gum",
      "license": "MIT",
      "locked_url": "https://github.com/flox/nixpkgs?rev=2795c506fe8fb7b03c36ccb51f75b6df0ab2553f",
      "name": "gum-0.16.0",
      "pname": "gum",
      "rev": "2795c506fe8fb7b03c36ccb51f75b6df0ab2553f",
      "rev_count": 803506,
      "rev_date": "2025-05-20T12:29:04Z",
      "scrape_date": "2025-05-24T04:40:30.826446Z",
      "stabilities": [
        "unstable"
      ],
      "unfree": false,
      "version": "0.16.0",
      "outputs_to_install": [
        "out"
      ],
      "outputs": {
        "out": "/nix/store/l6v1k7zn25ndvm4axmsbf10b8v8g78jp-gum-0.16.0"
      },
      "system": "aarch64-linux",
      "group": "toplevel",
      "priority": 5
    },
    {
      "attr_path": "gum",
      "broken": false,
      "derivation": "/nix/store/nkmpy7npqsw4i8z06d44k9fv58wvxn6i-gum-0.16.0.drv",
      "description": "Tasty Bubble Gum for your shell",
      "install_id": "gum",
      "license": "MIT",
      "locked_url": "https://github.com/flox/nixpkgs?rev=2795c506fe8fb7b03c36ccb51f75b6df0ab2553f",
      "name": "gum-0.16.0",
      "pname": "gum",
      "rev": "2795c506fe8fb7b03c36ccb51f75b6df0ab2553f",
      "rev_count": 803506,
      "rev_date": "2025-05-20T12:29:04Z",
      "scrape_date": "2025-05-24T04:56:40.636660Z",
      "stabilities": [
        "unstable"
      ],
      "unfree": false,
      "version": "0.16.0",
      "outputs_to_install": [
        "out"
      ],
      "outputs": {
        "out": "/nix/store/mkz77pxvh7h0iamhwwbzmaamcbnri130-gum-0.16.0"
      },
      "system": "x86_64-darwin",
      "group": "toplevel",
      "priority": 5
    },
    {
      "attr_path": "gum",
      "broken": false,
      "derivation": "/nix/store/951v689kca12iqxpjc2av4yq6mkj42kk-gum-0.16.0.drv",
      "description": "Tasty Bubble Gum for your shell",
      "install_id": "gum",
      "license": "MIT",
      "locked_url": "https://github.com/flox/nixpkgs?rev=2795c506fe8fb7b03c36ccb51f75b6df0ab2553f",
      "name": "gum-0.16.0",
      "pname": "gum",
      "rev": "2795c506fe8fb7b03c36ccb51f75b6df0ab2553f",
      "rev_count": 803506,
      "rev_date": "2025-05-20T12:29:04Z",
      "scrape_date": "2025-05-24T05:16:09.646684Z",
      "stabilities": [
        "unstable"
      ],
      "unfree": false,
      "version": "0.16.0",
      "outputs_to_install": [
        "out"
      ],
      "outputs": {
        "out": "/nix/store/w094m6kjn97wa2wrvj4mrjng0fnzmpw3-gum-0.16.0"
      },
      "system": "x86_64-linux",
      "group": "toplevel",
      "priority": 5
    },
    {
      "attr_path": "kubectl",
      "broken": false,
      "derivation": "/nix/store/zvar1z4a39gbq2yz144p0wjnjxg403fc-kubectl-1.33.0.drv",
      "description": "Kubernetes CLI",
      "install_id": "kubectl",
      "license": "Apache-2.0",
      "locked_url": "https://github.com/flox/nixpkgs?rev=2795c506fe8fb7b03c36ccb51f75b6df0ab2553f",
      "name": "kubectl-1.33.0",
      "pname": "kubectl",
      "rev": "2795c506fe8fb7b03c36ccb51f75b6df0ab2553f",
      "rev_count": 803506,
      "rev_date": "2025-05-20T12:29:04Z",
      "scrape_date": "2025-05-24T04:22:07.020908Z",
      "stabilities": [
        "unstable"
      ],
      "unfree": false,
      "version": "1.33.0",
      "outputs_to_install": [
        "man",
        "out"
      ],
      "outputs": {
        "convert": "/nix/store/xapln59nb67wbsvvcj8rqxh63nzvljwy-kubectl-1.33.0-convert",
        "man": "/nix/store/a9xsp33pfmng1411zzank853is0dlk5q-kubectl-1.33.0-man",
        "out": "/nix/store/402qdc96z88sil3j4wgr780nqlfl7fvz-kubectl-1.33.0"
      },
      "system": "aarch64-darwin",
      "group": "toplevel",
      "priority": 5
    },
    {
      "attr_path": "kubectl",
      "broken": false,
      "derivation": "/nix/store/08nvahrk67cd8ism1rrq59dfcy2v5wwh-kubectl-1.33.0.drv",
      "description": "Kubernetes CLI",
      "install_id": "kubectl",
      "license": "Apache-2.0",
      "locked_url": "https://github.com/flox/nixpkgs?rev=2795c506fe8fb7b03c36ccb51f75b6df0ab2553f",
      "name": "kubectl-1.33.0",
      "pname": "kubectl",
      "rev": "2795c506fe8fb7b03c36ccb51f75b6df0ab2553f",
      "rev_count": 803506,
      "rev_date": "2025-05-20T12:29:04Z",
      "scrape_date": "2025-05-24T04:40:32.386866Z",
      "stabilities": [
        "unstable"
      ],
      "unfree": false,
      "version": "1.33.0",
      "outputs_to_install": [
        "man",
        "out"
      ],
      "outputs": {
        "convert": "/nix/store/mxnjb3lh156b0g0agfczhkrs6cyqx4is-kubectl-1.33.0-convert",
        "man": "/nix/store/9jh6dknzzkjabs64zl4qrzfm8pnhx03l-kubectl-1.33.0-man",
        "out": "/nix/store/qms0pllz09sckfcrxyy03790jdryn802-kubectl-1.33.0"
      },
      "system": "aarch64-linux",
      "group": "toplevel",
      "priority": 5
    },
    {
      "attr_path": "kubectl",
      "broken": false,
      "derivation": "/nix/store/rii5fvl55kayk9q7drinja43lylr79a0-kubectl-1.33.0.drv",
      "description": "Kubernetes CLI",
      "install_id": "kubectl",
      "license": "Apache-2.0",
      "locked_url": "https://github.com/flox/nixpkgs?rev=2795c506fe8fb7b03c36ccb51f75b6df0ab2553f",
      "name": "kubectl-1.33.0",
      "pname": "kubectl",
      "rev": "2795c506fe8fb7b03c36ccb51f75b6df0ab2553f",
      "rev_count": 803506,
      "rev_date": "2025-05-20T12:29:04Z",
      "scrape_date": "2025-05-24T04:56:41.121769Z",
      "stabilities": [
        "unstable"
      ],
      "unfree": false,
      "version": "1.33.0",
      "outputs_to_install": [
        "man",
        "out"
      ],
      "outputs": {
        "convert": "/nix/store/h3jb5f5lb7s6gz3522sk0gf458c3wmaq-kubectl-1.33.0-convert",
        "man": "/nix/store/pnabai47mcqnnh0q3zzcbfsnhbl3dbnm-kubectl-1.33.0-man",
        "out": "/nix/store/ry8arpjf8x8gzcsb2gmdx360613lpxgz-kubectl-1.33.0"
      },
      "system": "x86_64-darwin",
      "group": "toplevel",
      "priority": 5
    },
    {
      "attr_path": "kubectl",
      "broken": false,
      "derivation": "/nix/store/vc8qqlsqpxmqsy6kvqf2whn759rds4ap-kubectl-1.33.0.drv",
      "description": "Kubernetes CLI",
      "install_id": "kubectl",
      "license": "Apache-2.0",
      "locked_url": "https://github.com/flox/nixpkgs?rev=2795c506fe8fb7b03c36ccb51f75b6df0ab2553f",
      "name": "kubectl-1.33.0",
      "pname": "kubectl",
      "rev": "2795c506fe8fb7b03c36ccb51f75b6df0ab2553f",
      "rev_count": 803506,
      "rev_date": "2025-05-20T12:29:04Z",
      "scrape_date": "2025-05-24T05:16:11.389315Z",
      "stabilities": [
        "unstable"
      ],
      "unfree": false,
      "version": "1.33.0",
      "outputs_to_install": [
        "man",
        "out"
      ],
      "outputs": {
        "convert": "/nix/store/m5ng07c66w7aqxj26i9s8968k0b9k10x-kubectl-1.33.0-convert",
        "man": "/nix/store/ifif1zqv5k8z5ggpvh5x3iynhyc9ma5v-kubectl-1.33.0-man",
        "out": "/nix/store/f93la7iy82zzmhr9wc5rxh18yqajr95v-kubectl-1.33.0"
      },
      "system": "x86_64-linux",
      "group": "toplevel",
      "priority": 5
    },
    {
      "attr_path": "nix",
      "broken": false,
      "derivation": "/nix/store/mk55sg4rq2gkbpxfcwz6zh4gbs711vm5-nix-2.28.3.drv",
      "description": "Powerful package manager that makes package management reliable and reproducible",
      "install_id": "nix",
      "license": "LGPL-2.1-or-later",
      "locked_url": "https://github.com/flox/nixpkgs?rev=2795c506fe8fb7b03c36ccb51f75b6df0ab2553f",
      "name": "nix-2.28.3",
      "pname": "nix",
      "rev": "2795c506fe8fb7b03c36ccb51f75b6df0ab2553f",
      "rev_count": 803506,
      "rev_date": "2025-05-20T12:29:04Z",
      "scrape_date": "2025-05-24T04:22:08.823203Z",
      "stabilities": [
        "unstable"
      ],
      "unfree": false,
      "version": "2.28.3",
      "outputs_to_install": [
        "man",
        "out"
      ],
      "outputs": {
        "dev": "/nix/store/rcbkvd5w99pmzxw1kyrwizykkkizvqqw-nix-2.28.3-dev",
        "doc": "/nix/store/05fg9s2h2qavr2m94yk4nlmgm9am3vh0-nix-2.28.3-doc",
        "man": "/nix/store/dl4l0wkq4p6aczsmbbq9llrkqfd0jap5-nix-2.28.3-man",
        "out": "/nix/store/325brpj1r54vpwrjxddclycll790hz3q-nix-2.28.3"
      },
      "system": "aarch64-darwin",
      "group": "toplevel",
      "priority": 5
    },
    {
      "attr_path": "nix",
      "broken": false,
      "derivation": "/nix/store/mw023rf9gr2m2y36nym8iwm9mrdqgj49-nix-2.28.3.drv",
      "description": "Powerful package manager that makes package management reliable and reproducible",
      "install_id": "nix",
      "license": "LGPL-2.1-or-later",
      "locked_url": "https://github.com/flox/nixpkgs?rev=2795c506fe8fb7b03c36ccb51f75b6df0ab2553f",
      "name": "nix-2.28.3",
      "pname": "nix",
      "rev": "2795c506fe8fb7b03c36ccb51f75b6df0ab2553f",
      "rev_count": 803506,
      "rev_date": "2025-05-20T12:29:04Z",
      "scrape_date": "2025-05-24T04:40:39.547813Z",
      "stabilities": [
        "unstable"
      ],
      "unfree": false,
      "version": "2.28.3",
      "outputs_to_install": [
        "man",
        "out"
      ],
      "outputs": {
        "dev": "/nix/store/k30k174davq3jgllc83plp19xqkf2wgi-nix-2.28.3-dev",
        "doc": "/nix/store/4glb59hfdfk3rzldr91fxdlcnaz54fvl-nix-2.28.3-doc",
        "man": "/nix/store/dm920gvmdfj5wdv5imh552jqa1v7rld5-nix-2.28.3-man",
        "out": "/nix/store/9jv6wfwwllqg954h8imvcw4k9ri8cx0g-nix-2.28.3"
      },
      "system": "aarch64-linux",
      "group": "toplevel",
      "priority": 5
    },
    {
      "attr_path": "nix",
      "broken": false,
      "derivation": "/nix/store/0fcw489kvz67bcl4ksqq5kjlda56pwg6-nix-2.28.3.drv",
      "description": "Powerful package manager that makes package management reliable and reproducible",
      "install_id": "nix",
      "license": "LGPL-2.1-or-later",
      "locked_url": "https://github.com/flox/nixpkgs?rev=2795c506fe8fb7b03c36ccb51f75b6df0ab2553f",
      "name": "nix-2.28.3",
      "pname": "nix",
      "rev": "2795c506fe8fb7b03c36ccb51f75b6df0ab2553f",
      "rev_count": 803506,
      "rev_date": "2025-05-20T12:29:04Z",
      "scrape_date": "2025-05-24T04:56:42.855311Z",
      "stabilities": [
        "unstable"
      ],
      "unfree": false,
      "version": "2.28.3",
      "outputs_to_install": [
        "man",
        "out"
      ],
      "outputs": {
        "dev": "/nix/store/rbshmmjbd7ws8y3l9qxhd366dk0280rg-nix-2.28.3-dev",
        "doc": "/nix/store/c82vz1gfx37598zm81qpg94ivh6rcn74-nix-2.28.3-doc",
        "man": "/nix/store/68zyzr3nh7jcwvpclwvl9dqn499h1k98-nix-2.28.3-man",
        "out": "/nix/store/yfdgpln88ybdzxrqdibbwvw85rgms4kg-nix-2.28.3"
      },
      "system": "x86_64-darwin",
      "group": "toplevel",
      "priority": 5
    },
    {
      "attr_path": "nix",
      "broken": false,
      "derivation": "/nix/store/slaagjsj6rkzm41ncwkbjs52h9rqb627-nix-2.28.3.drv",
      "description": "Powerful package manager that makes package management reliable and reproducible",
      "install_id": "nix",
      "license": "LGPL-2.1-or-later",
      "locked_url": "https://github.com/flox/nixpkgs?rev=2795c506fe8fb7b03c36ccb51f75b6df0ab2553f",
      "name": "nix-2.28.3",
      "pname": "nix",
      "rev": "2795c506fe8fb7b03c36ccb51f75b6df0ab2553f",
      "rev_count": 803506,
      "rev_date": "2025-05-20T12:29:04Z",
      "scrape_date": "2025-05-24T05:16:20.398290Z",
      "stabilities": [
        "unstable"
      ],
      "unfree": false,
      "version": "2.28.3",
      "outputs_to_install": [
        "man",
        "out"
      ],
      "outputs": {
        "dev": "/nix/store/pdiiwgd0vk3jvgmaq36dlf3n30j23bpi-nix-2.28.3-dev",
        "doc": "/nix/store/iq8lnwnm9sccdigriw2jbwax42g3i3gq-nix-2.28.3-doc",
        "man": "/nix/store/8gbvc4h0ib165k59vlw3qjy60b16zxfy-nix-2.28.3-man",
        "out": "/nix/store/0v3pik27j1v4jv66n7spzwbdzpqgqm35-nix-2.28.3"
      },
      "system": "x86_64-linux",
      "group": "toplevel",
      "priority": 5
    },
    {
      "attr_path": "shellcheck",
      "broken": false,
      "derivation": "/nix/store/3ld78sscwlr4x8whkaxjbx8liqh0vc6y-shellcheck-0.10.0.drv",
      "description": "Shell script analysis tool",
      "install_id": "shellcheck",
      "license": "GPL-3.0-only",
      "locked_url": "https://github.com/flox/nixpkgs?rev=2795c506fe8fb7b03c36ccb51f75b6df0ab2553f",
      "name": "shellcheck-0.10.0",
      "pname": "shellcheck",
      "rev": "2795c506fe8fb7b03c36ccb51f75b6df0ab2553f",
      "rev_count": 803506,
      "rev_date": "2025-05-20T12:29:04Z",
      "scrape_date": "2025-05-24T04:22:47.633849Z",
      "stabilities": [
        "unstable"
      ],
      "unfree": false,
      "version": "0.10.0",
      "outputs_to_install": [
        "bin",
        "doc",
        "man"
      ],
      "outputs": {
        "bin": "/nix/store/4l7lf05gw9l0l84sssaxkwqb6arkx652-shellcheck-0.10.0-bin",
        "doc": "/nix/store/mwahkil7jkc2y4y0q3myrkicp366vb82-shellcheck-0.10.0-doc",
        "man": "/nix/store/f0fscjx6xa6kbczhav1bh0vq3w2pmwfn-shellcheck-0.10.0-man",
        "out": "/nix/store/fbj9729m17pdvlinsdqxnd8ddl4iirzm-shellcheck-0.10.0"
      },
      "system": "aarch64-darwin",
      "group": "toplevel",
      "priority": 5
    },
    {
      "attr_path": "shellcheck",
      "broken": false,
      "derivation": "/nix/store/0pldv3zw7r8qz5idxh2sc1mnw44ic7wl-shellcheck-0.10.0.drv",
      "description": "Shell script analysis tool",
      "install_id": "shellcheck",
      "license": "GPL-3.0-only",
      "locked_url": "https://github.com/flox/nixpkgs?rev=2795c506fe8fb7b03c36ccb51f75b6df0ab2553f",
      "name": "shellcheck-0.10.0",
      "pname": "shellcheck",
      "rev": "2795c506fe8fb7b03c36ccb51f75b6df0ab2553f",
      "rev_count": 803506,
      "rev_date": "2025-05-20T12:29:04Z",
      "scrape_date": "2025-05-24T04:41:34.586257Z",
      "stabilities": [
        "unstable"
      ],
      "unfree": false,
      "version": "0.10.0",
      "outputs_to_install": [
        "bin",
        "doc",
        "man"
      ],
      "outputs": {
        "bin": "/nix/store/irlalbizkr3bn83g1drmi4p4h4dx16i6-shellcheck-0.10.0-bin",
        "doc": "/nix/store/c3s6fpb28bfm02vbpi9cvxpxyymzmx9n-shellcheck-0.10.0-doc",
        "man": "/nix/store/zfpypv8l8py55rifk9yhzcis13z4sc5k-shellcheck-0.10.0-man",
        "out": "/nix/store/6lgybvih5m2qinh419qzn52q6k4fwf4m-shellcheck-0.10.0"
      },
      "system": "aarch64-linux",
      "group": "toplevel",
      "priority": 5
    },
    {
      "attr_path": "shellcheck",
      "broken": false,
      "derivation": "/nix/store/j1b6jpl8sy782fyh2g0xn76wbc49pkr0-shellcheck-0.10.0.drv",
      "description": "Shell script analysis tool",
      "install_id": "shellcheck",
      "license": "GPL-3.0-only",
      "locked_url": "https://github.com/flox/nixpkgs?rev=2795c506fe8fb7b03c36ccb51f75b6df0ab2553f",
      "name": "shellcheck-0.10.0",
      "pname": "shellcheck",
      "rev": "2795c506fe8fb7b03c36ccb51f75b6df0ab2553f",
      "rev_count": 803506,
      "rev_date": "2025-05-20T12:29:04Z",
      "scrape_date": "2025-05-24T04:57:19.402379Z",
      "stabilities": [
        "unstable"
      ],
      "unfree": false,
      "version": "0.10.0",
      "outputs_to_install": [
        "bin",
        "doc",
        "man"
      ],
      "outputs": {
        "bin": "/nix/store/z8v7j4xkwswrx5vc05cfn9yp9sbxfkd2-shellcheck-0.10.0-bin",
        "doc": "/nix/store/df107d185wg9kqc03aaq1fcyl2bknjnc-shellcheck-0.10.0-doc",
        "man": "/nix/store/q88aiz7agllcjb8zflwlh23fm2wh431f-shellcheck-0.10.0-man",
        "out": "/nix/store/wz9qinlsaghahhj2bvlva9lgz3d8g07s-shellcheck-0.10.0"
      },
      "system": "x86_64-darwin",
      "group": "toplevel",
      "priority": 5
    },
    {
      "attr_path": "shellcheck",
      "broken": false,
      "derivation": "/nix/store/5409ia8lg74w7bwyd1jpxzayxi54y3b2-shellcheck-0.10.0.drv",
      "description": "Shell script analysis tool",
      "install_id": "shellcheck",
      "license": "GPL-3.0-only",
      "locked_url": "https://github.com/flox/nixpkgs?rev=2795c506fe8fb7b03c36ccb51f75b6df0ab2553f",
      "name": "shellcheck-0.10.0",
      "pname": "shellcheck",
      "rev": "2795c506fe8fb7b03c36ccb51f75b6df0ab2553f",
      "rev_count": 803506,
      "rev_date": "2025-05-20T12:29:04Z",
      "scrape_date": "2025-05-24T05:17:20.828394Z",
      "stabilities": [
        "unstable"
      ],
      "unfree": false,
      "version": "0.10.0",
      "outputs_to_install": [
        "bin",
        "doc",
        "man"
      ],
      "outputs": {
        "bin": "/nix/store/dw5aa0sf40aahg0fbwgfjwhjxnnrmipl-shellcheck-0.10.0-bin",
        "doc": "/nix/store/mfn1kxg9asp4nq4yrcr3niz5kfddaisf-shellcheck-0.10.0-doc",
        "man": "/nix/store/6ksvcjrdzxn89ql0059g2hs0nmw0rf5v-shellcheck-0.10.0-man",
        "out": "/nix/store/gxzk021q0f0h0jqwxiqikl1gkiih7qiq-shellcheck-0.10.0"
      },
      "system": "x86_64-linux",
      "group": "toplevel",
      "priority": 5
    }
  ]
}